
Microsoft Visual Studio Solution File, Format Version 12.00
# Visual Studio Version 17
VisualStudioVersion = 17.11.35222.181
MinimumVisualStudioVersion = 10.0.40219.1
Project("{9A19103F-16F7-4668-BE54-9A1E7A4F7556}") = "ProiectPSSC2025", "ProiectPSSC2025\ProiectPSSC2025.csproj", "{567A29CA-7CD1-4A21-8AA2-6A022142AAF2}"
EndProject
Project("{9A19103F-16F7-4668-BE54-9A1E7A4F7556}") = "UserTests", "UserTests\UserTests.csproj", "{B74C8227-2F50-4A2F-A0AC-B4F1CF9EE791}"
EndProject
Global
	GlobalSection(SolutionConfigurationPlatforms) = preSolution
		Debug|Any CPU = Debug|Any CPU
		Release|Any CPU = Release|Any CPU
	EndGlobalSection
	GlobalSection(ProjectConfigurationPlatforms) = postSolution
		{567A29CA-7CD1-4A21-8AA2-6A022142AAF2}.Debug|Any CPU.ActiveCfg = Debug|Any CPU
		{567A29CA-7CD1-4A21-8AA2-6A022142AAF2}.Debug|Any CPU.Build.0 = Debug|Any CPU
		{567A29CA-7CD1-4A21-8AA2-6A022142AAF2}.Release|Any CPU.ActiveCfg = Release|Any CPU
		{567A29CA-7CD1-4A21-8AA2-6A022142AAF2}.Release|Any CPU.Build.0 = Release|Any CPU
		{B74C8227-2F50-4A2F-A0AC-B4F1CF9EE791}.Debug|Any CPU.ActiveCfg = Debug|Any CPU
		{B74C8227-2F50-4A2F-A0AC-B4F1CF9EE791}.Debug|Any CPU.Build.0 = Debug|Any CPU
		{B74C8227-2F50-4A2F-A0AC-B4F1CF9EE791}.Release|Any CPU.ActiveCfg = Release|Any CPU
		{B74C8227-2F50-4A2F-A0AC-B4F1CF9EE791}.Release|Any CPU.Build.0 = Release|Any CPU
	EndGlobalSection
	GlobalSection(SolutionProperties) = preSolution
		HideSolutionNode = FALSE
	EndGlobalSection
	GlobalSection(ExtensibilityGlobals) = postSolution
		SolutionGuid = {E84CDEAC-2122-4C6E-B749-99D470F39A7A}
	EndGlobalSection
EndGlobal
